
Microsoft Visual Studio Solution File, Format Version 12.00
# Visual Studio Version 17
VisualStudioVersion = 17.3.32901.215
MinimumVisualStudioVersion = 10.0.40219.1
Project("{FAE04EC0-301F-11D3-BF4B-00C04F79EFBC}") = "P3_2_1214056", "P3_2_1214056\P3_2_1214056.csproj", "{B645BA06-804B-4ED3-A1F2-15B2F157297E}"
EndProject
Global
	GlobalSection(SolutionConfigurationPlatforms) = preSolution
		Debug|Any CPU = Debug|Any CPU
		Release|Any CPU = Release|Any CPU
	EndGlobalSection
	GlobalSection(ProjectConfigurationPlatforms) = postSolution
		{B645BA06-804B-4ED3-A1F2-15B2F157297E}.Debug|Any CPU.ActiveCfg = Debug|Any CPU
		{B645BA06-804B-4ED3-A1F2-15B2F157297E}.Debug|Any CPU.Build.0 = Debug|Any CPU
		{B645BA06-804B-4ED3-A1F2-15B2F157297E}.Release|Any CPU.ActiveCfg = Release|Any CPU
		{B645BA06-804B-4ED3-A1F2-15B2F157297E}.Release|Any CPU.Build.0 = Release|Any CPU
	EndGlobalSection
	GlobalSection(SolutionProperties) = preSolution
		HideSolutionNode = FALSE
	EndGlobalSection
	GlobalSection(ExtensibilityGlobals) = postSolution
		SolutionGuid = {E3F9DF7B-FE7E-4DFD-8768-67A72A953331}
	EndGlobalSection
EndGlobal
